{
  "version": 4,
  "terraform_version": "0.12.24",
  "serial": 23,
  "lineage": "c811bd0e-33f9-ad39-1e0e-d2101365f48a",
  "outputs": {
    "cluster_id": {
      "value": "bs1pgjkd0811jd6p55og",
      "type": "string"
    },
    "cluster_name": {
      "value": "nfs-op-ja-dev-cluster",
      "type": "string"
    },
    "entrypoint": {
      "value": "https://c113.us-south.containers.cloud.ibm.com:31388",
      "type": "string"
    }
  },
  "resources": [
    {
      "mode": "managed",
      "type": "ibm_container_vpc_worker_pool",
      "name": "iac_iks_cluster_pool",
      "each": "list",
      "provider": "provider.ibm",
      "instances": []
    },
    {
      "mode": "managed",
      "type": "ibm_is_security_group_rule",
      "name": "iac_iks_security_group_rule_tcp_k8s",
      "each": "list",
      "provider": "provider.ibm",
      "instances": []
    },
    {
      "mode": "managed",
      "type": "ibm_is_subnet",
      "name": "iac_iks_subnet",
      "each": "list",
      "provider": "provider.ibm",
      "instances": []
    },
    {
      "mode": "managed",
      "type": "ibm_is_vpc",
      "name": "iac_iks_vpc",
      "provider": "provider.ibm",
      "instances": [
        {
          "schema_version": 0,
          "attributes": {
            "address_prefix_management": "auto",
            "classic_access": false,
            "crn": "crn:v1:bluemix:public:is:us-south:a/06788ee4fd5a4d779f236bbe43f09b4b::vpc:r006-1780852b-1ce5-44a9-be49-97dc6c00f6dd",
            "cse_source_addresses": [
              {
                "address": "10.249.197.65",
                "zone_name": "us-south-1"
              },
              {
                "address": "10.249.75.17",
                "zone_name": "us-south-2"
              },
              {
                "address": "10.249.213.69",
                "zone_name": "us-south-3"
              }
            ],
            "default_network_acl": "r006-2631f87e-edda-4d25-bd7d-a803af3ef062",
            "default_security_group": "r006-ea500d30-c5e0-42b1-be1c-f4351764186e",
            "id": "r006-1780852b-1ce5-44a9-be49-97dc6c00f6dd",
            "is_default": null,
            "name": "nfs-op-ja-dev-vpc",
            "resource_controller_url": "https://cloud.ibm.com/vpc-ext/network/vpcs",
            "resource_crn": "crn:v1:bluemix:public:is:us-south:a/06788ee4fd5a4d779f236bbe43f09b4b::vpc:r006-1780852b-1ce5-44a9-be49-97dc6c00f6dd",
            "resource_group": "8ffb3f4b7ff84bce8d6ede994f46f7c8",
            "resource_group_name": "Default",
            "resource_name": "nfs-op-ja-dev-vpc",
            "resource_status": "available",
            "status": "available",
            "subnets": [
              {
                "available_ipv4_address_count": 248,
                "id": "0717-89884b8c-affb-4a67-b08f-9b409814f28c",
                "name": "nfs-op-ja-dev-subnet-00",
                "status": "available",
                "total_ipv4_address_count": 256,
                "zone": "us-south-1"
              },
              {
                "available_ipv4_address_count": 248,
                "id": "0727-770f8a5d-a86c-4678-a271-5da7bfce848f",
                "name": "nfs-op-ja-dev-subnet-01",
                "status": "available",
                "total_ipv4_address_count": 256,
                "zone": "us-south-2"
              },
              {
                "available_ipv4_address_count": 249,
                "id": "0737-2ae2c450-247a-458e-8c84-baff17c580b7",
                "name": "nfs-op-ja-dev-subnet-02",
                "status": "available",
                "total_ipv4_address_count": 256,
                "zone": "us-south-3"
              }
            ],
            "tags": [
              "env:dev",
              "owner:johandry",
              "project:nfs-op-ja"
            ],
            "timeouts": null
          },
          "private": "eyJlMmJmYjczMC1lY2FhLTExZTYtOGY4OC0zNDM2M2JjN2M0YzAiOnsiY3JlYXRlIjo2MDAwMDAwMDAwMDAsImRlbGV0ZSI6NjAwMDAwMDAwMDAwfX0="
        }
      ]
    }
  ]
}
