{
  "version": 4,
  "terraform_version": "0.12.24",
  "serial": 13,
  "lineage": "c811bd0e-33f9-ad39-1e0e-d2101365f48a",
  "outputs": {
    "cluster_id": {
      "value": "bs1pgjkd0811jd6p55og",
      "type": "string"
    },
    "cluster_name": {
      "value": "nfs-op-ja-dev-cluster",
      "type": "string"
    },
    "entrypoint": {
      "value": "https://c113.us-south.containers.cloud.ibm.com:31388",
      "type": "string"
    }
  },
  "resources": [
    {
      "mode": "data",
      "type": "ibm_resource_group",
      "name": "group",
      "provider": "provider.ibm",
      "instances": [
        {
          "schema_version": 0,
          "attributes": {
            "id": "8ffb3f4b7ff84bce8d6ede994f46f7c8",
            "is_default": null,
            "name": "Default"
          }
        }
      ]
    },
    {
      "mode": "managed",
      "type": "ibm_container_vpc_cluster",
      "name": "iac_iks_cluster",
      "provider": "provider.ibm",
      "instances": [
        {
          "schema_version": 0,
          "attributes": {
            "albs": [
              {
                "alb_type": "private",
                "disable_deployment": false,
                "enable": false,
                "id": "private-crbs1pgjkd0811jd6p55og-alb1",
                "load_balancer_hostname": "",
                "name": "",
                "resize": false,
                "state": "disabled"
              },
              {
                "alb_type": "private",
                "disable_deployment": false,
                "enable": false,
                "id": "private-crbs1pgjkd0811jd6p55og-alb2",
                "load_balancer_hostname": "",
                "name": "",
                "resize": false,
                "state": "disabled"
              },
              {
                "alb_type": "private",
                "disable_deployment": false,
                "enable": false,
                "id": "private-crbs1pgjkd0811jd6p55og-alb3",
                "load_balancer_hostname": "",
                "name": "",
                "resize": false,
                "state": "disabled"
              },
              {
                "alb_type": "public",
                "disable_deployment": false,
                "enable": true,
                "id": "public-crbs1pgjkd0811jd6p55og-alb1",
                "load_balancer_hostname": "4e6e348f-us-south.lb.appdomain.cloud",
                "name": "",
                "resize": false,
                "state": "enabled"
              },
              {
                "alb_type": "public",
                "disable_deployment": false,
                "enable": true,
                "id": "public-crbs1pgjkd0811jd6p55og-alb2",
                "load_balancer_hostname": "4e6e348f-us-south.lb.appdomain.cloud",
                "name": "",
                "resize": false,
                "state": "enabled"
              },
              {
                "alb_type": "public",
                "disable_deployment": false,
                "enable": true,
                "id": "public-crbs1pgjkd0811jd6p55og-alb3",
                "load_balancer_hostname": "4e6e348f-us-south.lb.appdomain.cloud",
                "name": "",
                "resize": false,
                "state": "enabled"
              }
            ],
            "crn": "crn:v1:bluemix:public:containers-kubernetes:us-south:a/06788ee4fd5a4d779f236bbe43f09b4b:bs1pgjkd0811jd6p55og::",
            "disable_public_service_endpoint": false,
            "entitlement": null,
            "flavor": "cx2.2x4",
            "id": "bs1pgjkd0811jd6p55og",
            "ingress_hostname": "nfs-op-ja-dev-cluster-f246c8193cd353ecb2da5402f60c2de2-0000.us-south.containers.appdomain.cloud",
            "ingress_secret": "nfs-op-ja-dev-cluster-f246c8193cd353ecb2da5402f60c2de2-0000",
            "kube_version": "1.18.4",
            "master_status": "Ready",
            "master_url": "https://c113.us-south.containers.cloud.ibm.com:31388",
            "name": "nfs-op-ja-dev-cluster",
            "pod_subnet": "172.17.0.0/18",
            "private_service_endpoint_url": "https://c113.private.us-south.containers.cloud.ibm.com:31388",
            "public_service_endpoint_url": "https://c113.us-south.containers.cloud.ibm.com:31388",
            "resource_controller_url": "https://cloud.ibm.com/kubernetes/clusters",
            "resource_crn": "crn:v1:bluemix:public:containers-kubernetes:us-south:a/06788ee4fd5a4d779f236bbe43f09b4b:bs1pgjkd0811jd6p55og::",
            "resource_group_id": "8ffb3f4b7ff84bce8d6ede994f46f7c8",
            "resource_group_name": "Default",
            "resource_name": "nfs-op-ja-dev-cluster",
            "resource_status": "normal",
            "service_subnet": "172.21.0.0/16",
            "state": "normal",
            "tags": [
              "env:dev",
              "owner:johandry",
              "project:nfs-op-ja"
            ],
            "timeouts": null,
            "vpc_id": "r006-1780852b-1ce5-44a9-be49-97dc6c00f6dd",
            "wait_till": "OneWorkerNodeReady",
            "worker_count": 3,
            "zones": [
              {
                "name": "us-south-1",
                "subnet_id": "0717-89884b8c-affb-4a67-b08f-9b409814f28c"
              }
            ]
          },
          "private": "eyJlMmJmYjczMC1lY2FhLTExZTYtOGY4OC0zNDM2M2JjN2M0YzAiOnsiY3JlYXRlIjo1NDAwMDAwMDAwMDAwLCJkZWxldGUiOjI3MDAwMDAwMDAwMDB9fQ==",
          "dependencies": [
            "ibm_is_subnet.iac_iks_subnet",
            "ibm_is_vpc.iac_iks_vpc"
          ]
        }
      ]
    },
    {
      "mode": "managed",
      "type": "ibm_container_vpc_worker_pool",
      "name": "iac_iks_cluster_pool",
      "each": "list",
      "provider": "provider.ibm",
      "instances": [
        {
          "index_key": 0,
          "schema_version": 0,
          "attributes": {
            "cluster": "bs1pgjkd0811jd6p55og",
            "entitlement": null,
            "flavor": "cx2.4x8",
            "id": "bs1pgjkd0811jd6p55og/bs1pgjkd0811jd6p55og-446fd74",
            "labels": {
              "ibm-cloud.kubernetes.io/worker-pool-id": "bs1pgjkd0811jd6p55og-446fd74"
            },
            "resource_group_id": "8ffb3f4b7ff84bce8d6ede994f46f7c8",
            "timeouts": null,
            "vpc_id": "r006-1780852b-1ce5-44a9-be49-97dc6c00f6dd",
            "worker_count": 2,
            "worker_pool_name": "nfs-op-ja-dev-wp-01",
            "zones": [
              {
                "name": "us-south-2",
                "subnet_id": "0727-770f8a5d-a86c-4678-a271-5da7bfce848f"
              }
            ]
          },
          "private": "eyJlMmJmYjczMC1lY2FhLTExZTYtOGY4OC0zNDM2M2JjN2M0YzAiOnsiY3JlYXRlIjo1NDAwMDAwMDAwMDAwLCJkZWxldGUiOjU0MDAwMDAwMDAwMDB9fQ==",
          "dependencies": [
            "ibm_container_vpc_cluster.iac_iks_cluster",
            "ibm_is_subnet.iac_iks_subnet",
            "ibm_is_vpc.iac_iks_vpc"
          ]
        },
        {
          "index_key": 1,
          "schema_version": 0,
          "attributes": {
            "cluster": "bs1pgjkd0811jd6p55og",
            "entitlement": null,
            "flavor": "cx2.8x16",
            "id": "bs1pgjkd0811jd6p55og/bs1pgjkd0811jd6p55og-b2db4ab",
            "labels": {
              "ibm-cloud.kubernetes.io/worker-pool-id": "bs1pgjkd0811jd6p55og-b2db4ab"
            },
            "resource_group_id": "8ffb3f4b7ff84bce8d6ede994f46f7c8",
            "timeouts": null,
            "vpc_id": "r006-1780852b-1ce5-44a9-be49-97dc6c00f6dd",
            "worker_count": 1,
            "worker_pool_name": "nfs-op-ja-dev-wp-02",
            "zones": [
              {
                "name": "us-south-3",
                "subnet_id": "0737-2ae2c450-247a-458e-8c84-baff17c580b7"
              }
            ]
          },
          "private": "eyJlMmJmYjczMC1lY2FhLTExZTYtOGY4OC0zNDM2M2JjN2M0YzAiOnsiY3JlYXRlIjo1NDAwMDAwMDAwMDAwLCJkZWxldGUiOjU0MDAwMDAwMDAwMDB9fQ==",
          "dependencies": [
            "ibm_container_vpc_cluster.iac_iks_cluster",
            "ibm_is_subnet.iac_iks_subnet",
            "ibm_is_vpc.iac_iks_vpc"
          ]
        }
      ]
    },
    {
      "mode": "managed",
      "type": "ibm_is_security_group_rule",
      "name": "iac_iks_security_group_rule_tcp_k8s",
      "each": "list",
      "provider": "provider.ibm",
      "instances": [
        {
          "index_key": 0,
          "schema_version": 0,
          "attributes": {
            "direction": "inbound",
            "group": "r006-ea500d30-c5e0-42b1-be1c-f4351764186e",
            "icmp": [],
            "id": "r006-ea500d30-c5e0-42b1-be1c-f4351764186e.r006-eb39b8ae-d9d3-4adf-9660-d35d5534632c",
            "ip_version": "ipv4",
            "remote": "10.240.0.0/24",
            "rule_id": "r006-eb39b8ae-d9d3-4adf-9660-d35d5534632c",
            "tcp": [
              {
                "port_max": 32767,
                "port_min": 30000
              }
            ],
            "udp": []
          },
          "private": "bnVsbA==",
          "dependencies": [
            "ibm_is_subnet.iac_iks_subnet",
            "ibm_is_vpc.iac_iks_vpc"
          ]
        },
        {
          "index_key": 1,
          "schema_version": 0,
          "attributes": {
            "direction": "inbound",
            "group": "r006-ea500d30-c5e0-42b1-be1c-f4351764186e",
            "icmp": [],
            "id": "r006-ea500d30-c5e0-42b1-be1c-f4351764186e.r006-a49f0cae-772b-4c4b-9d63-2c109f896eee",
            "ip_version": "ipv4",
            "remote": "10.240.64.0/24",
            "rule_id": "r006-a49f0cae-772b-4c4b-9d63-2c109f896eee",
            "tcp": [
              {
                "port_max": 32767,
                "port_min": 30000
              }
            ],
            "udp": []
          },
          "private": "bnVsbA==",
          "dependencies": [
            "ibm_is_subnet.iac_iks_subnet",
            "ibm_is_vpc.iac_iks_vpc"
          ]
        },
        {
          "index_key": 2,
          "schema_version": 0,
          "attributes": {
            "direction": "inbound",
            "group": "r006-ea500d30-c5e0-42b1-be1c-f4351764186e",
            "icmp": [],
            "id": "r006-ea500d30-c5e0-42b1-be1c-f4351764186e.r006-7988aa4e-4ca1-4106-a22f-5ef57da2e504",
            "ip_version": "ipv4",
            "remote": "10.240.128.0/24",
            "rule_id": "r006-7988aa4e-4ca1-4106-a22f-5ef57da2e504",
            "tcp": [
              {
                "port_max": 32767,
                "port_min": 30000
              }
            ],
            "udp": []
          },
          "private": "bnVsbA==",
          "dependencies": [
            "ibm_is_subnet.iac_iks_subnet",
            "ibm_is_vpc.iac_iks_vpc"
          ]
        }
      ]
    },
    {
      "mode": "managed",
      "type": "ibm_is_subnet",
      "name": "iac_iks_subnet",
      "each": "list",
      "provider": "provider.ibm",
      "instances": [
        {
          "index_key": 0,
          "schema_version": 0,
          "attributes": {
            "available_ipv4_address_count": null,
            "id": "0717-89884b8c-affb-4a67-b08f-9b409814f28c",
            "ip_version": "ipv4",
            "ipv4_cidr_block": "10.240.0.0/24",
            "ipv6_cidr_block": null,
            "name": "nfs-op-ja-dev-subnet-00",
            "network_acl": "r006-2631f87e-edda-4d25-bd7d-a803af3ef062",
            "public_gateway": "",
            "resource_controller_url": "https://cloud.ibm.com/vpc-ext/network/subnets",
            "resource_crn": "crn:v1:bluemix:public:is:us-south-1:a/06788ee4fd5a4d779f236bbe43f09b4b::subnet:0717-89884b8c-affb-4a67-b08f-9b409814f28c",
            "resource_group": "8ffb3f4b7ff84bce8d6ede994f46f7c8",
            "resource_group_name": "Default",
            "resource_name": "nfs-op-ja-dev-subnet-00",
            "resource_status": "available",
            "status": "available",
            "timeouts": null,
            "total_ipv4_address_count": 256,
            "vpc": "r006-1780852b-1ce5-44a9-be49-97dc6c00f6dd",
            "zone": "us-south-1"
          },
          "private": "eyJlMmJmYjczMC1lY2FhLTExZTYtOGY4OC0zNDM2M2JjN2M0YzAiOnsiY3JlYXRlIjo2MDAwMDAwMDAwMDAsImRlbGV0ZSI6NjAwMDAwMDAwMDAwLCJ1cGRhdGUiOjYwMDAwMDAwMDAwMH19",
          "dependencies": [
            "ibm_is_vpc.iac_iks_vpc"
          ]
        },
        {
          "index_key": 1,
          "schema_version": 0,
          "attributes": {
            "available_ipv4_address_count": null,
            "id": "0727-770f8a5d-a86c-4678-a271-5da7bfce848f",
            "ip_version": "ipv4",
            "ipv4_cidr_block": "10.240.64.0/24",
            "ipv6_cidr_block": null,
            "name": "nfs-op-ja-dev-subnet-01",
            "network_acl": "r006-2631f87e-edda-4d25-bd7d-a803af3ef062",
            "public_gateway": "",
            "resource_controller_url": "https://cloud.ibm.com/vpc-ext/network/subnets",
            "resource_crn": "crn:v1:bluemix:public:is:us-south-2:a/06788ee4fd5a4d779f236bbe43f09b4b::subnet:0727-770f8a5d-a86c-4678-a271-5da7bfce848f",
            "resource_group": "8ffb3f4b7ff84bce8d6ede994f46f7c8",
            "resource_group_name": "Default",
            "resource_name": "nfs-op-ja-dev-subnet-01",
            "resource_status": "available",
            "status": "available",
            "timeouts": null,
            "total_ipv4_address_count": 256,
            "vpc": "r006-1780852b-1ce5-44a9-be49-97dc6c00f6dd",
            "zone": "us-south-2"
          },
          "private": "eyJlMmJmYjczMC1lY2FhLTExZTYtOGY4OC0zNDM2M2JjN2M0YzAiOnsiY3JlYXRlIjo2MDAwMDAwMDAwMDAsImRlbGV0ZSI6NjAwMDAwMDAwMDAwLCJ1cGRhdGUiOjYwMDAwMDAwMDAwMH19",
          "dependencies": [
            "ibm_is_vpc.iac_iks_vpc"
          ]
        },
        {
          "index_key": 2,
          "schema_version": 0,
          "attributes": {
            "available_ipv4_address_count": null,
            "id": "0737-2ae2c450-247a-458e-8c84-baff17c580b7",
            "ip_version": "ipv4",
            "ipv4_cidr_block": "10.240.128.0/24",
            "ipv6_cidr_block": null,
            "name": "nfs-op-ja-dev-subnet-02",
            "network_acl": "r006-2631f87e-edda-4d25-bd7d-a803af3ef062",
            "public_gateway": "",
            "resource_controller_url": "https://cloud.ibm.com/vpc-ext/network/subnets",
            "resource_crn": "crn:v1:bluemix:public:is:us-south-3:a/06788ee4fd5a4d779f236bbe43f09b4b::subnet:0737-2ae2c450-247a-458e-8c84-baff17c580b7",
            "resource_group": "8ffb3f4b7ff84bce8d6ede994f46f7c8",
            "resource_group_name": "Default",
            "resource_name": "nfs-op-ja-dev-subnet-02",
            "resource_status": "available",
            "status": "available",
            "timeouts": null,
            "total_ipv4_address_count": 256,
            "vpc": "r006-1780852b-1ce5-44a9-be49-97dc6c00f6dd",
            "zone": "us-south-3"
          },
          "private": "eyJlMmJmYjczMC1lY2FhLTExZTYtOGY4OC0zNDM2M2JjN2M0YzAiOnsiY3JlYXRlIjo2MDAwMDAwMDAwMDAsImRlbGV0ZSI6NjAwMDAwMDAwMDAwLCJ1cGRhdGUiOjYwMDAwMDAwMDAwMH19",
          "dependencies": [
            "ibm_is_vpc.iac_iks_vpc"
          ]
        }
      ]
    },
    {
      "mode": "managed",
      "type": "ibm_is_vpc",
      "name": "iac_iks_vpc",
      "provider": "provider.ibm",
      "instances": [
        {
          "schema_version": 0,
          "attributes": {
            "address_prefix_management": "auto",
            "classic_access": false,
            "crn": "crn:v1:bluemix:public:is:us-south:a/06788ee4fd5a4d779f236bbe43f09b4b::vpc:r006-1780852b-1ce5-44a9-be49-97dc6c00f6dd",
            "cse_source_addresses": [
              {
                "address": "10.249.197.65",
                "zone_name": "us-south-1"
              },
              {
                "address": "10.249.75.17",
                "zone_name": "us-south-2"
              },
              {
                "address": "10.249.213.69",
                "zone_name": "us-south-3"
              }
            ],
            "default_network_acl": "r006-2631f87e-edda-4d25-bd7d-a803af3ef062",
            "default_security_group": "r006-ea500d30-c5e0-42b1-be1c-f4351764186e",
            "id": "r006-1780852b-1ce5-44a9-be49-97dc6c00f6dd",
            "is_default": null,
            "name": "nfs-op-ja-dev-vpc",
            "resource_controller_url": "https://cloud.ibm.com/vpc-ext/network/vpcs",
            "resource_crn": "crn:v1:bluemix:public:is:us-south:a/06788ee4fd5a4d779f236bbe43f09b4b::vpc:r006-1780852b-1ce5-44a9-be49-97dc6c00f6dd",
            "resource_group": "8ffb3f4b7ff84bce8d6ede994f46f7c8",
            "resource_group_name": "Default",
            "resource_name": "nfs-op-ja-dev-vpc",
            "resource_status": "available",
            "status": "available",
            "subnets": [
              {
                "available_ipv4_address_count": 248,
                "id": "0717-89884b8c-affb-4a67-b08f-9b409814f28c",
                "name": "nfs-op-ja-dev-subnet-00",
                "status": "available",
                "total_ipv4_address_count": 256,
                "zone": "us-south-1"
              },
              {
                "available_ipv4_address_count": 248,
                "id": "0727-770f8a5d-a86c-4678-a271-5da7bfce848f",
                "name": "nfs-op-ja-dev-subnet-01",
                "status": "available",
                "total_ipv4_address_count": 256,
                "zone": "us-south-2"
              },
              {
                "available_ipv4_address_count": 249,
                "id": "0737-2ae2c450-247a-458e-8c84-baff17c580b7",
                "name": "nfs-op-ja-dev-subnet-02",
                "status": "available",
                "total_ipv4_address_count": 256,
                "zone": "us-south-3"
              }
            ],
            "tags": [
              "env:dev",
              "owner:johandry",
              "project:nfs-op-ja"
            ],
            "timeouts": null
          },
          "private": "eyJlMmJmYjczMC1lY2FhLTExZTYtOGY4OC0zNDM2M2JjN2M0YzAiOnsiY3JlYXRlIjo2MDAwMDAwMDAwMDAsImRlbGV0ZSI6NjAwMDAwMDAwMDAwfX0="
        }
      ]
    }
  ]
}
